// !$*UTF8*$!
{
	archiveVersion = 1;
	classes = {
	};
	objectVersion = 46;
	objects = {

/* Begin PBXBuildFile section */
		C121946414B591D700159A9F /* UIKit.framework in Frameworks */ = {isa = PBXBuildFile; fileRef = C121946314B591D700159A9F /* UIKit.framework */; };
		C121946614B591D700159A9F /* Foundation.framework in Frameworks */ = {isa = PBXBuildFile; fileRef = C121946514B591D700159A9F /* Foundation.framework */; };
		C121946814B591D700159A9F /* CoreGraphics.framework in Frameworks */ = {isa = PBXBuildFile; fileRef = C121946714B591D700159A9F /* CoreGraphics.framework */; };
		C121949A14B5A9FC00159A9F /* CFNetwork.framework in Frameworks */ = {isa = PBXBuildFile; fileRef = C121949914B5A9FB00159A9F /* CFNetwork.framework */; };
		C1CFCD1414B98552008A1B1F /* AppDelegate.m in Sources */ = {isa = PBXBuildFile; fileRef = C1CFCD0D14B98552008A1B1F /* AppDelegate.m */; };
		C1CFCD1514B98552008A1B1F /* AsyncSocket.m in Sources */ = {isa = PBXBuildFile; fileRef = C1CFCD0F14B98552008A1B1F /* AsyncSocket.m */; };
		C1CFCD1614B98552008A1B1F /* WDBubble.m in Sources */ = {isa = PBXBuildFile; fileRef = C1CFCD1114B98552008A1B1F /* WDBubble.m */; };
		C1CFCD1714B98552008A1B1F /* WDMessage.m in Sources */ = {isa = PBXBuildFile; fileRef = C1CFCD1314B98552008A1B1F /* WDMessage.m */; };
		C1CFCD1C14B985AE008A1B1F /* main.m in Sources */ = {isa = PBXBuildFile; fileRef = C1CFCD1A14B985AE008A1B1F /* main.m */; };
		C1CFCD1F14B985CC008A1B1F /* ViewController.xib in Resources */ = {isa = PBXBuildFile; fileRef = C1CFCD1D14B985CC008A1B1F /* ViewController.xib */; };
		C1CFCD2214B985D2008A1B1F /* ViewController.m in Sources */ = {isa = PBXBuildFile; fileRef = C1CFCD2114B985D2008A1B1F /* ViewController.m */; };
		C1CFCD3014B986CB008A1B1F /* Default.png in Resources */ = {isa = PBXBuildFile; fileRef = C1CFCD2C14B986CB008A1B1F /* Default.png */; };
		C1CFCD3114B986CB008A1B1F /* Default@2x.png in Resources */ = {isa = PBXBuildFile; fileRef = C1CFCD2D14B986CB008A1B1F /* Default@2x.png */; };
		C1CFCD3214B986CB008A1B1F /* Icon.png in Resources */ = {isa = PBXBuildFile; fileRef = C1CFCD2E14B986CB008A1B1F /* Icon.png */; };
		C1CFCD3314B986CB008A1B1F /* Icon@2x.png in Resources */ = {isa = PBXBuildFile; fileRef = C1CFCD2F14B986CB008A1B1F /* Icon@2x.png */; };
/* End PBXBuildFile section */

/* Begin PBXFileReference section */
		C121945F14B591D700159A9F /* Bubbles.app */ = {isa = PBXFileReference; explicitFileType = wrapper.application; includeInIndex = 0; path = Bubbles.app; sourceTree = BUILT_PRODUCTS_DIR; };
		C121946314B591D700159A9F /* UIKit.framework */ = {isa = PBXFileReference; lastKnownFileType = wrapper.framework; name = UIKit.framework; path = System/Library/Frameworks/UIKit.framework; sourceTree = SDKROOT; };
		C121946514B591D700159A9F /* Foundation.framework */ = {isa = PBXFileReference; lastKnownFileType = wrapper.framework; name = Foundation.framework; path = System/Library/Frameworks/Foundation.framework; sourceTree = SDKROOT; };
		C121946714B591D700159A9F /* CoreGraphics.framework */ = {isa = PBXFileReference; lastKnownFileType = wrapper.framework; name = CoreGraphics.framework; path = System/Library/Frameworks/CoreGraphics.framework; sourceTree = SDKROOT; };
		C121949914B5A9FB00159A9F /* CFNetwork.framework */ = {isa = PBXFileReference; lastKnownFileType = wrapper.framework; name = CFNetwork.framework; path = System/Library/Frameworks/CFNetwork.framework; sourceTree = SDKROOT; };
		C1CFCD0C14B98552008A1B1F /* AppDelegate.h */ = {isa = PBXFileReference; fileEncoding = 4; lastKnownFileType = sourcecode.c.h; name = AppDelegate.h; path = Bubbles/AppDelegate.h; sourceTree = SOURCE_ROOT; };
		C1CFCD0D14B98552008A1B1F /* AppDelegate.m */ = {isa = PBXFileReference; fileEncoding = 4; lastKnownFileType = sourcecode.c.objc; name = AppDelegate.m; path = Bubbles/AppDelegate.m; sourceTree = SOURCE_ROOT; };
		C1CFCD0E14B98552008A1B1F /* AsyncSocket.h */ = {isa = PBXFileReference; fileEncoding = 4; lastKnownFileType = sourcecode.c.h; name = AsyncSocket.h; path = Bubbles/AsyncSocket.h; sourceTree = SOURCE_ROOT; };
		C1CFCD0F14B98552008A1B1F /* AsyncSocket.m */ = {isa = PBXFileReference; fileEncoding = 4; lastKnownFileType = sourcecode.c.objc; name = AsyncSocket.m; path = Bubbles/AsyncSocket.m; sourceTree = SOURCE_ROOT; };
		C1CFCD1014B98552008A1B1F /* WDBubble.h */ = {isa = PBXFileReference; fileEncoding = 4; lastKnownFileType = sourcecode.c.h; name = WDBubble.h; path = Bubbles/WDBubble.h; sourceTree = SOURCE_ROOT; };
		C1CFCD1114B98552008A1B1F /* WDBubble.m */ = {isa = PBXFileReference; fileEncoding = 4; lastKnownFileType = sourcecode.c.objc; name = WDBubble.m; path = Bubbles/WDBubble.m; sourceTree = SOURCE_ROOT; };
		C1CFCD1214B98552008A1B1F /* WDMessage.h */ = {isa = PBXFileReference; fileEncoding = 4; lastKnownFileType = sourcecode.c.h; name = WDMessage.h; path = Bubbles/WDMessage.h; sourceTree = SOURCE_ROOT; };
		C1CFCD1314B98552008A1B1F /* WDMessage.m */ = {isa = PBXFileReference; fileEncoding = 4; lastKnownFileType = sourcecode.c.objc; name = WDMessage.m; path = Bubbles/WDMessage.m; sourceTree = SOURCE_ROOT; };
		C1CFCD1814B985AE008A1B1F /* Bubbles-Info.plist */ = {isa = PBXFileReference; fileEncoding = 4; lastKnownFileType = text.plist.xml; name = "Bubbles-Info.plist"; path = "Bubbles/Bubbles-Info.plist"; sourceTree = SOURCE_ROOT; };
		C1CFCD1914B985AE008A1B1F /* Bubbles-Prefix.pch */ = {isa = PBXFileReference; fileEncoding = 4; lastKnownFileType = sourcecode.c.h; name = "Bubbles-Prefix.pch"; path = "Bubbles/Bubbles-Prefix.pch"; sourceTree = SOURCE_ROOT; };
		C1CFCD1A14B985AE008A1B1F /* main.m */ = {isa = PBXFileReference; fileEncoding = 4; lastKnownFileType = sourcecode.c.objc; name = main.m; path = Bubbles/main.m; sourceTree = SOURCE_ROOT; };
		C1CFCD1E14B985CC008A1B1F /* en */ = {isa = PBXFileReference; lastKnownFileType = file.xib; name = en; path = Bubbles/en.lproj/ViewController.xib; sourceTree = SOURCE_ROOT; };
		C1CFCD2014B985D2008A1B1F /* ViewController.h */ = {isa = PBXFileReference; fileEncoding = 4; lastKnownFileType = sourcecode.c.h; name = ViewController.h; path = Bubbles/ViewController.h; sourceTree = SOURCE_ROOT; };
		C1CFCD2114B985D2008A1B1F /* ViewController.m */ = {isa = PBXFileReference; fileEncoding = 4; lastKnownFileType = sourcecode.c.objc; name = ViewController.m; path = Bubbles/ViewController.m; sourceTree = SOURCE_ROOT; };
		C1CFCD2C14B986CB008A1B1F /* Default.png */ = {isa = PBXFileReference; lastKnownFileType = image.png; path = Default.png; sourceTree = SOURCE_ROOT; };
		C1CFCD2D14B986CB008A1B1F /* Default@2x.png */ = {isa = PBXFileReference; lastKnownFileType = image.png; path = "Default@2x.png"; sourceTree = SOURCE_ROOT; };
		C1CFCD2E14B986CB008A1B1F /* Icon.png */ = {isa = PBXFileReference; lastKnownFileType = image.png; path = Icon.png; sourceTree = SOURCE_ROOT; };
		C1CFCD2F14B986CB008A1B1F /* Icon@2x.png */ = {isa = PBXFileReference; lastKnownFileType = image.png; path = "Icon@2x.png"; sourceTree = SOURCE_ROOT; };
/* End PBXFileReference section */

/* Begin PBXFrameworksBuildPhase section */
		C121945C14B591D700159A9F /* Frameworks */ = {
			isa = PBXFrameworksBuildPhase;
			buildActionMask = 2147483647;
			files = (
				C121949A14B5A9FC00159A9F /* CFNetwork.framework in Frameworks */,
				C121946414B591D700159A9F /* UIKit.framework in Frameworks */,
				C121946614B591D700159A9F /* Foundation.framework in Frameworks */,
				C121946814B591D700159A9F /* CoreGraphics.framework in Frameworks */,
			);
			runOnlyForDeploymentPostprocessing = 0;
		};
/* End PBXFrameworksBuildPhase section */

/* Begin PBXGroup section */
		C121945414B591D700159A9F = {
			isa = PBXGroup;
			children = (
				C121946914B591D700159A9F /* Bubbles */,
				C121946214B591D700159A9F /* Frameworks */,
				C121946014B591D700159A9F /* Products */,
			);
			sourceTree = "<group>";
		};
		C121946014B591D700159A9F /* Products */ = {
			isa = PBXGroup;
			children = (
				C121945F14B591D700159A9F /* Bubbles.app */,
			);
			name = Products;
			sourceTree = "<group>";
		};
		C121946214B591D700159A9F /* Frameworks */ = {
			isa = PBXGroup;
			children = (
				C121946314B591D700159A9F /* UIKit.framework */,
				C121946514B591D700159A9F /* Foundation.framework */,
				C121949914B5A9FB00159A9F /* CFNetwork.framework */,
				C121946714B591D700159A9F /* CoreGraphics.framework */,
			);
			name = Frameworks;
			sourceTree = "<group>";
		};
		C121946914B591D700159A9F /* Bubbles */ = {
			isa = PBXGroup;
			children = (
				C1CFCD2C14B986CB008A1B1F /* Default.png */,
				C1CFCD2D14B986CB008A1B1F /* Default@2x.png */,
				C1CFCD2E14B986CB008A1B1F /* Icon.png */,
				C1CFCD2F14B986CB008A1B1F /* Icon@2x.png */,
				C121946A14B591D700159A9F /* Supporting Files */,
				C1CFCD0314B98426008A1B1F /* Mac */,
				C1CFCD0214B98419008A1B1F /* iOS */,
				C1CFCD0E14B98552008A1B1F /* AsyncSocket.h */,
				C1CFCD0F14B98552008A1B1F /* AsyncSocket.m */,
				C1CFCD1014B98552008A1B1F /* WDBubble.h */,
				C1CFCD1114B98552008A1B1F /* WDBubble.m */,
				C1CFCD1214B98552008A1B1F /* WDMessage.h */,
				C1CFCD1314B98552008A1B1F /* WDMessage.m */,
			);
			name = Bubbles;
			path = LearnBonjour;
			sourceTree = "<group>";
		};
		C121946A14B591D700159A9F /* Supporting Files */ = {
			isa = PBXGroup;
			children = (
				C1CFCD1814B985AE008A1B1F /* Bubbles-Info.plist */,
				C1CFCD1914B985AE008A1B1F /* Bubbles-Prefix.pch */,
				C1CFCD1A14B985AE008A1B1F /* main.m */,
			);
			name = "Supporting Files";
			sourceTree = "<group>";
		};
		C1CFCD0214B98419008A1B1F /* iOS */ = {
			isa = PBXGroup;
			children = (
				C1CFCD0C14B98552008A1B1F /* AppDelegate.h */,
				C1CFCD0D14B98552008A1B1F /* AppDelegate.m */,
				C1CFCD2014B985D2008A1B1F /* ViewController.h */,
				C1CFCD2114B985D2008A1B1F /* ViewController.m */,
				C1CFCD1D14B985CC008A1B1F /* ViewController.xib */,
			);
			name = iOS;
			sourceTree = "<group>";
		};
		C1CFCD0314B98426008A1B1F /* Mac */ = {
			isa = PBXGroup;
			children = (
			);
			name = Mac;
			sourceTree = "<group>";
		};
/* End PBXGroup section */

/* Begin PBXNativeTarget section */
		C121945E14B591D700159A9F /* Bubbles */ = {
			isa = PBXNativeTarget;
			buildConfigurationList = C121947D14B591D700159A9F /* Build configuration list for PBXNativeTarget "Bubbles" */;
			buildPhases = (
				C121945B14B591D700159A9F /* Sources */,
				C121945C14B591D700159A9F /* Frameworks */,
				C121945D14B591D700159A9F /* Resources */,
			);
			buildRules = (
			);
			dependencies = (
			);
			name = Bubbles;
			productName = LearnBonjour;
			productReference = C121945F14B591D700159A9F /* Bubbles.app */;
			productType = "com.apple.product-type.application";
		};
/* End PBXNativeTarget section */

/* Begin PBXProject section */
		C121945614B591D700159A9F /* Project object */ = {
			isa = PBXProject;
			attributes = {
				LastUpgradeCheck = 0420;
				ORGANIZATIONNAME = "BMW Group ConnectedDrive Lab China";
			};
			buildConfigurationList = C121945914B591D700159A9F /* Build configuration list for PBXProject "Bubbles" */;
			compatibilityVersion = "Xcode 3.2";
			developmentRegion = English;
			hasScannedForEncodings = 0;
			knownRegions = (
				en,
			);
			mainGroup = C121945414B591D700159A9F;
			productRefGroup = C121946014B591D700159A9F /* Products */;
			projectDirPath = "";
			projectRoot = "";
			targets = (
				C121945E14B591D700159A9F /* Bubbles */,
			);
		};
/* End PBXProject section */

/* Begin PBXResourcesBuildPhase section */
		C121945D14B591D700159A9F /* Resources */ = {
			isa = PBXResourcesBuildPhase;
			buildActionMask = 2147483647;
			files = (
				C1CFCD1F14B985CC008A1B1F /* ViewController.xib in Resources */,
				C1CFCD3014B986CB008A1B1F /* Default.png in Resources */,
				C1CFCD3114B986CB008A1B1F /* Default@2x.png in Resources */,
				C1CFCD3214B986CB008A1B1F /* Icon.png in Resources */,
				C1CFCD3314B986CB008A1B1F /* Icon@2x.png in Resources */,
			);
			runOnlyForDeploymentPostprocessing = 0;
		};
/* End PBXResourcesBuildPhase section */

/* Begin PBXSourcesBuildPhase section */
		C121945B14B591D700159A9F /* Sources */ = {
			isa = PBXSourcesBuildPhase;
			buildActionMask = 2147483647;
			files = (
				C1CFCD1414B98552008A1B1F /* AppDelegate.m in Sources */,
				C1CFCD1514B98552008A1B1F /* AsyncSocket.m in Sources */,
				C1CFCD1614B98552008A1B1F /* WDBubble.m in Sources */,
				C1CFCD1714B98552008A1B1F /* WDMessage.m in Sources */,
				C1CFCD1C14B985AE008A1B1F /* main.m in Sources */,
				C1CFCD2214B985D2008A1B1F /* ViewController.m in Sources */,
			);
			runOnlyForDeploymentPostprocessing = 0;
		};
/* End PBXSourcesBuildPhase section */

/* Begin PBXVariantGroup section */
		C1CFCD1D14B985CC008A1B1F /* ViewController.xib */ = {
			isa = PBXVariantGroup;
			children = (
				C1CFCD1E14B985CC008A1B1F /* en */,
			);
			name = ViewController.xib;
			sourceTree = "<group>";
		};
/* End PBXVariantGroup section */

/* Begin XCBuildConfiguration section */
		C121947B14B591D700159A9F /* Debug */ = {
			isa = XCBuildConfiguration;
			buildSettings = {
				ALWAYS_SEARCH_USER_PATHS = NO;
				ARCHS = "$(ARCHS_STANDARD_32_BIT)";
				CLANG_ENABLE_OBJC_ARC = YES;
				"CODE_SIGN_IDENTITY[sdk=iphoneos*]" = "iPhone Developer";
				COPY_PHASE_STRIP = NO;
				GCC_C_LANGUAGE_STANDARD = gnu99;
				GCC_DYNAMIC_NO_PIC = NO;
				GCC_OPTIMIZATION_LEVEL = 0;
				GCC_PREPROCESSOR_DEFINITIONS = (
					"DEBUG=1",
					"$(inherited)",
				);
				GCC_SYMBOLS_PRIVATE_EXTERN = NO;
				GCC_VERSION = com.apple.compilers.llvm.clang.1_0;
				GCC_WARN_ABOUT_MISSING_PROTOTYPES = YES;
				GCC_WARN_ABOUT_RETURN_TYPE = YES;
				GCC_WARN_UNUSED_VARIABLE = YES;
				IPHONEOS_DEPLOYMENT_TARGET = 5.0;
				SDKROOT = iphoneos;
			};
			name = Debug;
		};
		C121947C14B591D700159A9F /* Release */ = {
			isa = XCBuildConfiguration;
			buildSettings = {
				ALWAYS_SEARCH_USER_PATHS = NO;
				ARCHS = "$(ARCHS_STANDARD_32_BIT)";
				CLANG_ENABLE_OBJC_ARC = YES;
				"CODE_SIGN_IDENTITY[sdk=iphoneos*]" = "iPhone Developer";
				COPY_PHASE_STRIP = YES;
				GCC_C_LANGUAGE_STANDARD = gnu99;
				GCC_VERSION = com.apple.compilers.llvm.clang.1_0;
				GCC_WARN_ABOUT_MISSING_PROTOTYPES = YES;
				GCC_WARN_ABOUT_RETURN_TYPE = YES;
				GCC_WARN_UNUSED_VARIABLE = YES;
				IPHONEOS_DEPLOYMENT_TARGET = 5.0;
				OTHER_CFLAGS = "-DNS_BLOCK_ASSERTIONS=1";
				SDKROOT = iphoneos;
				VALIDATE_PRODUCT = YES;
			};
			name = Release;
		};
		C121947E14B591D700159A9F /* Debug */ = {
			isa = XCBuildConfiguration;
			buildSettings = {
				CLANG_ENABLE_OBJC_ARC = NO;
				CODE_SIGN_IDENTITY = "iPhone Developer: Dexi Wang (67KBMLGLDE)";
				GCC_PRECOMPILE_PREFIX_HEADER = YES;
				GCC_PREFIX_HEADER = "Bubbles/Bubbles-Prefix.pch";
				INFOPLIST_FILE = "Bubbles/Bubbles-Info.plist";
				OTHER_CFLAGS = "-DDEBUG";
				PRODUCT_NAME = Bubbles;
				PROVISIONING_PROFILE = "BD55D568-BFE6-4811-842A-F98BDF2806A9";
				WRAPPER_EXTENSION = app;
			};
			name = Debug;
		};
		C121947F14B591D700159A9F /* Release */ = {
			isa = XCBuildConfiguration;
			buildSettings = {
				CLANG_ENABLE_OBJC_ARC = NO;
				CODE_SIGN_IDENTITY = "iPhone Developer: Dexi Wang (67KBMLGLDE)";
				GCC_PRECOMPILE_PREFIX_HEADER = YES;
				GCC_PREFIX_HEADER = "Bubbles/Bubbles-Prefix.pch";
				INFOPLIST_FILE = "Bubbles/Bubbles-Info.plist";
				PRODUCT_NAME = Bubbles;
				PROVISIONING_PROFILE = "BD55D568-BFE6-4811-842A-F98BDF2806A9";
				WRAPPER_EXTENSION = app;
			};
			name = Release;
		};
/* End XCBuildConfiguration section */

/* Begin XCConfigurationList section */
		C121945914B591D700159A9F /* Build configuration list for PBXProject "Bubbles" */ = {
			isa = XCConfigurationList;
			buildConfigurations = (
				C121947B14B591D700159A9F /* Debug */,
				C121947C14B591D700159A9F /* Release */,
			);
			defaultConfigurationIsVisible = 0;
			defaultConfigurationName = Release;
		};
		C121947D14B591D700159A9F /* Build configuration list for PBXNativeTarget "Bubbles" */ = {
			isa = XCConfigurationList;
			buildConfigurations = (
				C121947E14B591D700159A9F /* Debug */,
				C121947F14B591D700159A9F /* Release */,
			);
			defaultConfigurationIsVisible = 0;
			defaultConfigurationName = Release;
		};
/* End XCConfigurationList section */
	};
	rootObject = C121945614B591D700159A9F /* Project object */;
}
